
Microsoft Visual Studio Solution File, Format Version 12.00
# Visual Studio Version 17
VisualStudioVersion = 17.0.31919.166
MinimumVisualStudioVersion = 10.0.40219.1
Project("{FAE04EC0-301F-11D3-BF4B-00C04F79EFBC}") = "Jint.DebuggerExample", "Jint.DebuggerExample\Jint.DebuggerExample.csproj", "{5612A754-7DB8-4A69-AF82-D1C9C33CD921}"
EndProject
Project("{9A19103F-16F7-4668-BE54-9A1E7A4F7556}") = "Jint", "..\Jint\Jint\Jint.csproj", "{02E3BA0D-99A5-4590-A4E3-93BB9A5B2CC6}"
EndProject
Global
	GlobalSection(SolutionConfigurationPlatforms) = preSolution
		Debug|Any CPU = Debug|Any CPU
		Release|Any CPU = Release|Any CPU
	EndGlobalSection
	GlobalSection(ProjectConfigurationPlatforms) = postSolution
		{5612A754-7DB8-4A69-AF82-D1C9C33CD921}.Debug|Any CPU.ActiveCfg = Debug|Any CPU
		{5612A754-7DB8-4A69-AF82-D1C9C33CD921}.Debug|Any CPU.Build.0 = Debug|Any CPU
		{5612A754-7DB8-4A69-AF82-D1C9C33CD921}.Release|Any CPU.ActiveCfg = Release|Any CPU
		{5612A754-7DB8-4A69-AF82-D1C9C33CD921}.Release|Any CPU.Build.0 = Release|Any CPU
		{02E3BA0D-99A5-4590-A4E3-93BB9A5B2CC6}.Debug|Any CPU.ActiveCfg = Debug|Any CPU
		{02E3BA0D-99A5-4590-A4E3-93BB9A5B2CC6}.Debug|Any CPU.Build.0 = Debug|Any CPU
		{02E3BA0D-99A5-4590-A4E3-93BB9A5B2CC6}.Release|Any CPU.ActiveCfg = Release|Any CPU
		{02E3BA0D-99A5-4590-A4E3-93BB9A5B2CC6}.Release|Any CPU.Build.0 = Release|Any CPU
	EndGlobalSection
	GlobalSection(SolutionProperties) = preSolution
		HideSolutionNode = FALSE
	EndGlobalSection
	GlobalSection(ExtensibilityGlobals) = postSolution
		SolutionGuid = {21D070F3-A78F-493C-8D07-7B98733DE9A7}
	EndGlobalSection
EndGlobal
